
Microsoft Visual Studio Solution File, Format Version 12.00
# Visual Studio Version 17
VisualStudioVersion = 17.9.34714.143
MinimumVisualStudioVersion = 10.0.40219.1
Project("{9A19103F-16F7-4668-BE54-9A1E7A4F7556}") = "PubHub.API", "PubHub.API\PubHub.API.csproj", "{5F12B6BB-EC86-4BBE-BFB9-E911972AF0AB}"
EndProject
Project("{FAE04EC0-301F-11D3-BF4B-00C04F79EFBC}") = "PubHub.Common", "PubHub.Common\PubHub.Common.csproj", "{2D482081-744C-4BE4-A0B7-CF8A20CE638B}"
EndProject
Global
	GlobalSection(SolutionConfigurationPlatforms) = preSolution
		Debug|Any CPU = Debug|Any CPU
		Release|Any CPU = Release|Any CPU
	EndGlobalSection
	GlobalSection(ProjectConfigurationPlatforms) = postSolution
		{5F12B6BB-EC86-4BBE-BFB9-E911972AF0AB}.Debug|Any CPU.ActiveCfg = Debug|Any CPU
		{5F12B6BB-EC86-4BBE-BFB9-E911972AF0AB}.Debug|Any CPU.Build.0 = Debug|Any CPU
		{5F12B6BB-EC86-4BBE-BFB9-E911972AF0AB}.Release|Any CPU.ActiveCfg = Release|Any CPU
		{5F12B6BB-EC86-4BBE-BFB9-E911972AF0AB}.Release|Any CPU.Build.0 = Release|Any CPU
		{2D482081-744C-4BE4-A0B7-CF8A20CE638B}.Debug|Any CPU.ActiveCfg = Debug|Any CPU
		{2D482081-744C-4BE4-A0B7-CF8A20CE638B}.Debug|Any CPU.Build.0 = Debug|Any CPU
		{2D482081-744C-4BE4-A0B7-CF8A20CE638B}.Release|Any CPU.ActiveCfg = Release|Any CPU
		{2D482081-744C-4BE4-A0B7-CF8A20CE638B}.Release|Any CPU.Build.0 = Release|Any CPU
	EndGlobalSection
	GlobalSection(SolutionProperties) = preSolution
		HideSolutionNode = FALSE
	EndGlobalSection
	GlobalSection(ExtensibilityGlobals) = postSolution
		SolutionGuid = {B8395BE9-ACEB-4567-9207-8052C0DCE5B8}
	EndGlobalSection
EndGlobal
