
Microsoft Visual Studio Solution File, Format Version 12.00
# Visual Studio Version 17
VisualStudioVersion = 17.9.34714.143
MinimumVisualStudioVersion = 10.0.40219.1
Project("{9A19103F-16F7-4668-BE54-9A1E7A4F7556}") = "PubHub.API", "PubHub.API\PubHub.API.csproj", "{5F12B6BB-EC86-4BBE-BFB9-E911972AF0AB}"
EndProject
Project("{9A19103F-16F7-4668-BE54-9A1E7A4F7556}") = "PubHub.BookWeb", "PubHub.BookWeb\PubHub.BookWeb.csproj", "{CF139919-4158-48FD-983E-FF67B140779B}"
EndProject
Project("{9A19103F-16F7-4668-BE54-9A1E7A4F7556}") = "PubHub.Common", "PubHub.Common\PubHub.Common.csproj", "{2D482081-744C-4BE4-A0B7-CF8A20CE638B}"
EndProject
Project("{9A19103F-16F7-4668-BE54-9A1E7A4F7556}") = "PubHub.AdminPortal", "PubHub.AdminPortal\PubHub.AdminPortal.csproj", "{450BDB50-E29E-4AC6-A8D4-787B30A292DE}"
EndProject
Project("{9A19103F-16F7-4668-BE54-9A1E7A4F7556}") = "PubHub.BookMobile", "PubHub.BookMobile\PubHub.BookMobile.csproj", "{D88D1AC5-EA77-46D8-95ED-2F3D606E803F}"
EndProject
Project("{9A19103F-16F7-4668-BE54-9A1E7A4F7556}") = "PubHub.API.UT", "..\Test\PubHub.API.UT\PubHub.API.UT.csproj", "{B2A1C344-9D6D-4C1E-8D3B-B584E8611798}"
EndProject
Project("{FAE04EC0-301F-11D3-BF4B-00C04F79EFBC}") = "PubHub.Common.UT", "..\Test\PubHub.Common.UT\PubHub.Common.UT.csproj", "{D1766227-4F71-4FE2-806E-1DB6E4497A0B}"
EndProject
Project("{9A19103F-16F7-4668-BE54-9A1E7A4F7556}") = "PubHub.TestUtils", "..\Test\PubHub.TestUtils\PubHub.TestUtils.csproj", "{9226A806-2F2A-491C-B9E7-5FD383F5C392}"
EndProject
Global
	GlobalSection(SolutionConfigurationPlatforms) = preSolution
		Debug|Any CPU = Debug|Any CPU
		Release|Any CPU = Release|Any CPU
	EndGlobalSection
	GlobalSection(ProjectConfigurationPlatforms) = postSolution
		{5F12B6BB-EC86-4BBE-BFB9-E911972AF0AB}.Debug|Any CPU.ActiveCfg = Debug|Any CPU
		{5F12B6BB-EC86-4BBE-BFB9-E911972AF0AB}.Debug|Any CPU.Build.0 = Debug|Any CPU
		{5F12B6BB-EC86-4BBE-BFB9-E911972AF0AB}.Release|Any CPU.ActiveCfg = Release|Any CPU
		{5F12B6BB-EC86-4BBE-BFB9-E911972AF0AB}.Release|Any CPU.Build.0 = Release|Any CPU
		{CF139919-4158-48FD-983E-FF67B140779B}.Debug|Any CPU.ActiveCfg = Debug|Any CPU
		{CF139919-4158-48FD-983E-FF67B140779B}.Debug|Any CPU.Build.0 = Debug|Any CPU
		{CF139919-4158-48FD-983E-FF67B140779B}.Release|Any CPU.ActiveCfg = Release|Any CPU
		{CF139919-4158-48FD-983E-FF67B140779B}.Release|Any CPU.Build.0 = Release|Any CPU
		{2D482081-744C-4BE4-A0B7-CF8A20CE638B}.Debug|Any CPU.ActiveCfg = Debug|Any CPU
		{2D482081-744C-4BE4-A0B7-CF8A20CE638B}.Debug|Any CPU.Build.0 = Debug|Any CPU
		{2D482081-744C-4BE4-A0B7-CF8A20CE638B}.Release|Any CPU.ActiveCfg = Release|Any CPU
		{2D482081-744C-4BE4-A0B7-CF8A20CE638B}.Release|Any CPU.Build.0 = Release|Any CPU
		{450BDB50-E29E-4AC6-A8D4-787B30A292DE}.Debug|Any CPU.ActiveCfg = Debug|Any CPU
		{450BDB50-E29E-4AC6-A8D4-787B30A292DE}.Debug|Any CPU.Build.0 = Debug|Any CPU
		{450BDB50-E29E-4AC6-A8D4-787B30A292DE}.Release|Any CPU.ActiveCfg = Release|Any CPU
		{450BDB50-E29E-4AC6-A8D4-787B30A292DE}.Release|Any CPU.Build.0 = Release|Any CPU
		{D88D1AC5-EA77-46D8-95ED-2F3D606E803F}.Debug|Any CPU.ActiveCfg = Debug|Any CPU
		{D88D1AC5-EA77-46D8-95ED-2F3D606E803F}.Debug|Any CPU.Build.0 = Debug|Any CPU
		{D88D1AC5-EA77-46D8-95ED-2F3D606E803F}.Debug|Any CPU.Deploy.0 = Debug|Any CPU
		{D88D1AC5-EA77-46D8-95ED-2F3D606E803F}.Release|Any CPU.ActiveCfg = Release|Any CPU
		{D88D1AC5-EA77-46D8-95ED-2F3D606E803F}.Release|Any CPU.Build.0 = Release|Any CPU
		{D88D1AC5-EA77-46D8-95ED-2F3D606E803F}.Release|Any CPU.Deploy.0 = Release|Any CPU
		{B2A1C344-9D6D-4C1E-8D3B-B584E8611798}.Debug|Any CPU.ActiveCfg = Debug|Any CPU
		{B2A1C344-9D6D-4C1E-8D3B-B584E8611798}.Debug|Any CPU.Build.0 = Debug|Any CPU
		{B2A1C344-9D6D-4C1E-8D3B-B584E8611798}.Release|Any CPU.ActiveCfg = Release|Any CPU
		{B2A1C344-9D6D-4C1E-8D3B-B584E8611798}.Release|Any CPU.Build.0 = Release|Any CPU
		{D1766227-4F71-4FE2-806E-1DB6E4497A0B}.Debug|Any CPU.ActiveCfg = Debug|Any CPU
		{D1766227-4F71-4FE2-806E-1DB6E4497A0B}.Debug|Any CPU.Build.0 = Debug|Any CPU
		{D1766227-4F71-4FE2-806E-1DB6E4497A0B}.Release|Any CPU.ActiveCfg = Release|Any CPU
		{D1766227-4F71-4FE2-806E-1DB6E4497A0B}.Release|Any CPU.Build.0 = Release|Any CPU
		{9226A806-2F2A-491C-B9E7-5FD383F5C392}.Debug|Any CPU.ActiveCfg = Debug|Any CPU
		{9226A806-2F2A-491C-B9E7-5FD383F5C392}.Debug|Any CPU.Build.0 = Debug|Any CPU
		{9226A806-2F2A-491C-B9E7-5FD383F5C392}.Release|Any CPU.ActiveCfg = Release|Any CPU
		{9226A806-2F2A-491C-B9E7-5FD383F5C392}.Release|Any CPU.Build.0 = Release|Any CPU
	EndGlobalSection
	GlobalSection(SolutionProperties) = preSolution
		HideSolutionNode = FALSE
	EndGlobalSection
	GlobalSection(ExtensibilityGlobals) = postSolution
		SolutionGuid = {B8395BE9-ACEB-4567-9207-8052C0DCE5B8}
	EndGlobalSection
EndGlobal
